
Microsoft Visual Studio Solution File, Format Version 12.00
# Visual Studio Version 17
VisualStudioVersion = 17.3.32901.215
MinimumVisualStudioVersion = 10.0.40219.1
Project("{FAE04EC0-301F-11D3-BF4B-00C04F79EFBC}") = "ornek2", "ornek2\ornek2.csproj", "{110D017D-74B7-431E-ADBE-980CBBD44CAE}"
EndProject
Global
	GlobalSection(SolutionConfigurationPlatforms) = preSolution
		Debug|Any CPU = Debug|Any CPU
		Release|Any CPU = Release|Any CPU
	EndGlobalSection
	GlobalSection(ProjectConfigurationPlatforms) = postSolution
		{110D017D-74B7-431E-ADBE-980CBBD44CAE}.Debug|Any CPU.ActiveCfg = Debug|Any CPU
		{110D017D-74B7-431E-ADBE-980CBBD44CAE}.Debug|Any CPU.Build.0 = Debug|Any CPU
		{110D017D-74B7-431E-ADBE-980CBBD44CAE}.Release|Any CPU.ActiveCfg = Release|Any CPU
		{110D017D-74B7-431E-ADBE-980CBBD44CAE}.Release|Any CPU.Build.0 = Release|Any CPU
	EndGlobalSection
	GlobalSection(SolutionProperties) = preSolution
		HideSolutionNode = FALSE
	EndGlobalSection
	GlobalSection(ExtensibilityGlobals) = postSolution
		SolutionGuid = {9AFF270B-914C-4574-867C-0C3C93B204E7}
	EndGlobalSection
EndGlobal
